// !$*UTF8*$!
{
	archiveVersion = 1;
	classes = {
	};
	objectVersion = 50;
	objects = {

/* Begin PBXBuildFile section */
		7F1E8F99269AD721002EC961 /* CollectionTableViewCell.swift in Sources */ = {isa = PBXBuildFile; fileRef = 7F1E8F97269AD721002EC961 /* CollectionTableViewCell.swift */; };
		7F1E8F9A269AD721002EC961 /* CollectionTableViewCell.xib in Resources */ = {isa = PBXBuildFile; fileRef = 7F1E8F98269AD721002EC961 /* CollectionTableViewCell.xib */; };
		7F1E8F9D269B025B002EC961 /* LabelCollectionViewCell.swift in Sources */ = {isa = PBXBuildFile; fileRef = 7F1E8F9B269B025B002EC961 /* LabelCollectionViewCell.swift */; };
		7F1E8F9E269B025B002EC961 /* LabelCollectionViewCell.xib in Resources */ = {isa = PBXBuildFile; fileRef = 7F1E8F9C269B025B002EC961 /* LabelCollectionViewCell.xib */; };
		7F1E8FA2269B0E63002EC961 /* QuotesTableViewCell.swift in Sources */ = {isa = PBXBuildFile; fileRef = 7F1E8FA0269B0E63002EC961 /* QuotesTableViewCell.swift */; };
		7F1E8FA3269B0E63002EC961 /* QuotesTableViewCell.xib in Resources */ = {isa = PBXBuildFile; fileRef = 7F1E8FA1269B0E63002EC961 /* QuotesTableViewCell.xib */; };
		7F1E8FA8269B5595002EC961 /* LearnMoreTableViewCell.swift in Sources */ = {isa = PBXBuildFile; fileRef = 7F1E8FA6269B5595002EC961 /* LearnMoreTableViewCell.swift */; };
		7F1E8FA9269B5595002EC961 /* LearnMoreTableViewCell.xib in Resources */ = {isa = PBXBuildFile; fileRef = 7F1E8FA7269B5595002EC961 /* LearnMoreTableViewCell.xib */; };
		7F2E0BF02697F87300196AC0 /* DescriptionViewController.swift in Sources */ = {isa = PBXBuildFile; fileRef = 7F2E0BEF2697F87300196AC0 /* DescriptionViewController.swift */; };
		7F2E0BF4269828FF00196AC0 /* DescriptionView.swift in Sources */ = {isa = PBXBuildFile; fileRef = 7F2E0BF3269828FF00196AC0 /* DescriptionView.swift */; };
		7F2E0BF62698291A00196AC0 /* DescriptionViewModel.swift in Sources */ = {isa = PBXBuildFile; fileRef = 7F2E0BF52698291A00196AC0 /* DescriptionViewModel.swift */; };
		7F2E0BFA2698C20E00196AC0 /* ImageTableViewCell.swift in Sources */ = {isa = PBXBuildFile; fileRef = 7F2E0BF82698C20E00196AC0 /* ImageTableViewCell.swift */; };
		7F2E0BFB2698C20E00196AC0 /* ImageTableViewCell.xib in Resources */ = {isa = PBXBuildFile; fileRef = 7F2E0BF92698C20E00196AC0 /* ImageTableViewCell.xib */; };
		7F33268926997FD4000A5375 /* LabelWithUnderlineTableViewCell.swift in Sources */ = {isa = PBXBuildFile; fileRef = 7F33268726997FD4000A5375 /* LabelWithUnderlineTableViewCell.swift */; };
		7F33268A26997FD4000A5375 /* LabelWithUnderlineTableViewCell.xib in Resources */ = {isa = PBXBuildFile; fileRef = 7F33268826997FD4000A5375 /* LabelWithUnderlineTableViewCell.xib */; };
		7F3326C5269A0DAD000A5375 /* LabelTableViewCell.swift in Sources */ = {isa = PBXBuildFile; fileRef = 7F3326C3269A0DAD000A5375 /* LabelTableViewCell.swift */; };
		7F3326C6269A0DAD000A5375 /* LabelTableViewCell.xib in Resources */ = {isa = PBXBuildFile; fileRef = 7F3326C4269A0DAD000A5375 /* LabelTableViewCell.xib */; };
		7F3326CA269A12CA000A5375 /* LabelWithImageTableViewCell.swift in Sources */ = {isa = PBXBuildFile; fileRef = 7F3326C8269A12CA000A5375 /* LabelWithImageTableViewCell.swift */; };
		7F3326CB269A12CA000A5375 /* LabelWithImageTableViewCell.xib in Resources */ = {isa = PBXBuildFile; fileRef = 7F3326C9269A12CA000A5375 /* LabelWithImageTableViewCell.xib */; };
		7F39508E268F938200F714DC /* Animal.swift in Sources */ = {isa = PBXBuildFile; fileRef = 7F39508D268F938200F714DC /* Animal.swift */; };
		7F395090268F93A500F714DC /* Video.swift in Sources */ = {isa = PBXBuildFile; fileRef = 7F39508F268F93A500F714DC /* Video.swift */; };
		7F395092268F93CD00F714DC /* NationalParkLocation.swift in Sources */ = {isa = PBXBuildFile; fileRef = 7F395091268F93CD00F714DC /* NationalParkLocation.swift */; };
		7F395097268F943A00F714DC /* Bundle+Extension.swift in Sources */ = {isa = PBXBuildFile; fileRef = 7F395096268F943A00F714DC /* Bundle+Extension.swift */; };
		7F39509A268F99DE00F714DC /* TabBar.storyboard in Resources */ = {isa = PBXBuildFile; fileRef = 7F395099268F99DE00F714DC /* TabBar.storyboard */; };
		7F39509E268F9A5600F714DC /* NavBarView.swift in Sources */ = {isa = PBXBuildFile; fileRef = 7F39509D268F9A5600F714DC /* NavBarView.swift */; };
		7F62BF27268EEDA700115596 /* AppDelegate.swift in Sources */ = {isa = PBXBuildFile; fileRef = 7F62BF26268EEDA700115596 /* AppDelegate.swift */; };
		7F62BF29268EEDA700115596 /* SceneDelegate.swift in Sources */ = {isa = PBXBuildFile; fileRef = 7F62BF28268EEDA700115596 /* SceneDelegate.swift */; };
		7F62BF2E268EEDA700115596 /* Main.storyboard in Resources */ = {isa = PBXBuildFile; fileRef = 7F62BF2C268EEDA700115596 /* Main.storyboard */; };
		7F62BF30268EEDA900115596 /* Assets.xcassets in Resources */ = {isa = PBXBuildFile; fileRef = 7F62BF2F268EEDA900115596 /* Assets.xcassets */; };
		7F62BF33268EEDA900115596 /* LaunchScreen.storyboard in Resources */ = {isa = PBXBuildFile; fileRef = 7F62BF31268EEDA900115596 /* LaunchScreen.storyboard */; };
		7F62BF3F268EF58700115596 /* locations.json in Resources */ = {isa = PBXBuildFile; fileRef = 7F62BF3B268EF58700115596 /* locations.json */; };
		7F62BF40268EF58700115596 /* covers.json in Resources */ = {isa = PBXBuildFile; fileRef = 7F62BF3C268EF58700115596 /* covers.json */; };
		7F62BF41268EF58700115596 /* animals.json in Resources */ = {isa = PBXBuildFile; fileRef = 7F62BF3D268EF58700115596 /* animals.json */; };
		7F62BF42268EF58700115596 /* videos.json in Resources */ = {isa = PBXBuildFile; fileRef = 7F62BF3E268EF58700115596 /* videos.json */; };
		7F62BF4E268EF5D000115596 /* ostrich.mp4 in Resources */ = {isa = PBXBuildFile; fileRef = 7F62BF49268EF5B500115596 /* ostrich.mp4 */; };
		7F62BF4F268EF5D000115596 /* zebra.mp4 in Resources */ = {isa = PBXBuildFile; fileRef = 7F62BF4D268EF5B500115596 /* zebra.mp4 */; };
		7F62BF50268EF5D000115596 /* cheetah.mp4 in Resources */ = {isa = PBXBuildFile; fileRef = 7F62BF44268EF5B500115596 /* cheetah.mp4 */; };
		7F62BF51268EF5D000115596 /* lioness.mp4 in Resources */ = {isa = PBXBuildFile; fileRef = 7F62BF4A268EF5B500115596 /* lioness.mp4 */; };
		7F62BF52268EF5D000115596 /* lion.mp4 in Resources */ = {isa = PBXBuildFile; fileRef = 7F62BF45268EF5B500115596 /* lion.mp4 */; };
		7F62BF53268EF5D000115596 /* rhino.mp4 in Resources */ = {isa = PBXBuildFile; fileRef = 7F62BF47268EF5B500115596 /* rhino.mp4 */; };
		7F62BF54268EF5D000115596 /* elephant.mp4 in Resources */ = {isa = PBXBuildFile; fileRef = 7F62BF4B268EF5B500115596 /* elephant.mp4 */; };
		7F62BF55268EF5D000115596 /* hippo.mp4 in Resources */ = {isa = PBXBuildFile; fileRef = 7F62BF48268EF5B500115596 /* hippo.mp4 */; };
		7F62BF56268EF5D000115596 /* giraffe.mp4 in Resources */ = {isa = PBXBuildFile; fileRef = 7F62BF4C268EF5B500115596 /* giraffe.mp4 */; };
		7F62BF57268EF5D000115596 /* gorilla.mp4 in Resources */ = {isa = PBXBuildFile; fileRef = 7F62BF46268EF5B500115596 /* gorilla.mp4 */; };
		7F62BF59268F18E600115596 /* BaseViewController.swift in Sources */ = {isa = PBXBuildFile; fileRef = 7F62BF58268F18E600115596 /* BaseViewController.swift */; };
		7F62BF62268F1AD600115596 /* BaseViewModel.swift in Sources */ = {isa = PBXBuildFile; fileRef = 7F62BF61268F1AD600115596 /* BaseViewModel.swift */; };
		7F62BF66268F1B1F00115596 /* Colors.swift in Sources */ = {isa = PBXBuildFile; fileRef = 7F62BF65268F1B1F00115596 /* Colors.swift */; };
		7F62BF6B268F1B2F00115596 /* CustomError.swift in Sources */ = {isa = PBXBuildFile; fileRef = 7F62BF67268F1B2F00115596 /* CustomError.swift */; };
		7F62BF6C268F1B2F00115596 /* Constants.swift in Sources */ = {isa = PBXBuildFile; fileRef = 7F62BF68268F1B2F00115596 /* Constants.swift */; };
		7F62BF6D268F1B2F00115596 /* Fonts.swift in Sources */ = {isa = PBXBuildFile; fileRef = 7F62BF69268F1B2F00115596 /* Fonts.swift */; };
		7F62BF6E268F1B2F00115596 /* Config.swift in Sources */ = {isa = PBXBuildFile; fileRef = 7F62BF6A268F1B2F00115596 /* Config.swift */; };
		7F62BF75268F1B3B00115596 /* Images.swift in Sources */ = {isa = PBXBuildFile; fileRef = 7F62BF71268F1B3B00115596 /* Images.swift */; };
		7F62BF76268F1B3B00115596 /* Strings.swift in Sources */ = {isa = PBXBuildFile; fileRef = 7F62BF72268F1B3B00115596 /* Strings.swift */; };
		7F62BF78268F1B5A00115596 /* View+Extension.swift in Sources */ = {isa = PBXBuildFile; fileRef = 7F62BF77268F1B5A00115596 /* View+Extension.swift */; };
		7F62BF7A268F1D1400115596 /* SplashViewController.swift in Sources */ = {isa = PBXBuildFile; fileRef = 7F62BF79268F1D1400115596 /* SplashViewController.swift */; };
		7F62BF7F268F1F0F00115596 /* SplashViewModel.swift in Sources */ = {isa = PBXBuildFile; fileRef = 7F62BF7E268F1F0F00115596 /* SplashViewModel.swift */; };
		7F62BF81268F207700115596 /* SplashView.swift in Sources */ = {isa = PBXBuildFile; fileRef = 7F62BF80268F207700115596 /* SplashView.swift */; };
		7F62BF88268F377000115596 /* NotificationCenterAdapter.swift in Sources */ = {isa = PBXBuildFile; fileRef = 7F62BF87268F377000115596 /* NotificationCenterAdapter.swift */; };
		7F7759702691C3D70012BC25 /* HomeTabViewModel.swift in Sources */ = {isa = PBXBuildFile; fileRef = 7F77596F2691C3D70012BC25 /* HomeTabViewModel.swift */; };
		7F7759722691C3E10012BC25 /* HomeTabView.swift in Sources */ = {isa = PBXBuildFile; fileRef = 7F7759712691C3E10012BC25 /* HomeTabView.swift */; };
		7F7759972691E7560012BC25 /* AnimalDetailsCollectionViewCell.swift in Sources */ = {isa = PBXBuildFile; fileRef = 7F7759952691E7560012BC25 /* AnimalDetailsCollectionViewCell.swift */; };
		7F7759982691E7560012BC25 /* AnimalDetailsCollectionViewCell.xib in Resources */ = {isa = PBXBuildFile; fileRef = 7F7759962691E7560012BC25 /* AnimalDetailsCollectionViewCell.xib */; };
		7F77599E269201D40012BC25 /* CopyrightCollectionViewCell.swift in Sources */ = {isa = PBXBuildFile; fileRef = 7F77599C269201D40012BC25 /* CopyrightCollectionViewCell.swift */; };
		7F77599F269201D40012BC25 /* CopyrightCollectionViewCell.xib in Resources */ = {isa = PBXBuildFile; fileRef = 7F77599D269201D40012BC25 /* CopyrightCollectionViewCell.xib */; };
		7F7759A326920DEF0012BC25 /* BannerCollectionViewCell.swift in Sources */ = {isa = PBXBuildFile; fileRef = 7F7759A126920DEF0012BC25 /* BannerCollectionViewCell.swift */; };
		7F7759A426920DEF0012BC25 /* BannerCollectionViewCell.xib in Resources */ = {isa = PBXBuildFile; fileRef = 7F7759A226920DEF0012BC25 /* BannerCollectionViewCell.xib */; };
		7F7759A92692128A0012BC25 /* ImageCollectionViewCell.swift in Sources */ = {isa = PBXBuildFile; fileRef = 7F7759A72692128A0012BC25 /* ImageCollectionViewCell.swift */; };
		7F7759AA2692128A0012BC25 /* ImageCollectionViewCell.xib in Resources */ = {isa = PBXBuildFile; fileRef = 7F7759A82692128A0012BC25 /* ImageCollectionViewCell.xib */; };
		7F78BE7C269021CB000DD505 /* HomeTabNavigationController.swift in Sources */ = {isa = PBXBuildFile; fileRef = 7F78BE7B269021CB000DD505 /* HomeTabNavigationController.swift */; };
		7F78BE7E2690240C000DD505 /* Storyboard.swift in Sources */ = {isa = PBXBuildFile; fileRef = 7F78BE7D2690240C000DD505 /* Storyboard.swift */; };
		7F78BE81269024AE000DD505 /* HomeTabViewController.swift in Sources */ = {isa = PBXBuildFile; fileRef = 7F78BE80269024AE000DD505 /* HomeTabViewController.swift */; };
		7F78BE8C269054AC000DD505 /* TabBarController.swift in Sources */ = {isa = PBXBuildFile; fileRef = 7F78BE8B269054AC000DD505 /* TabBarController.swift */; };
		7F7C298126C817FD0072F2EB /* AnimalDescriptionViewController.swift in Sources */ = {isa = PBXBuildFile; fileRef = 7F7C298026C817FD0072F2EB /* AnimalDescriptionViewController.swift */; };
		7F7C298326C818C50072F2EB /* AnimalDescriptionView.swift in Sources */ = {isa = PBXBuildFile; fileRef = 7F7C298226C818C50072F2EB /* AnimalDescriptionView.swift */; };
		7F7C298526C818D00072F2EB /* AnimalDescriptionViewModel.swift in Sources */ = {isa = PBXBuildFile; fileRef = 7F7C298426C818D00072F2EB /* AnimalDescriptionViewModel.swift */; };
		7F7C298826C8D2C60072F2EB /* GalleryTabViewController.swift in Sources */ = {isa = PBXBuildFile; fileRef = 7F7C298726C8D2C60072F2EB /* GalleryTabViewController.swift */; };
		7F7C298A26C8D2D90072F2EB /* GalleryTabView.swift in Sources */ = {isa = PBXBuildFile; fileRef = 7F7C298926C8D2D90072F2EB /* GalleryTabView.swift */; };
		7F7C298C26C8D2F30072F2EB /* GalleryTabViewModel.swift in Sources */ = {isa = PBXBuildFile; fileRef = 7F7C298B26C8D2F30072F2EB /* GalleryTabViewModel.swift */; };
		7F7C299026C8DCF40072F2EB /* GalleryImageCollectionViewCell.swift in Sources */ = {isa = PBXBuildFile; fileRef = 7F7C298E26C8DCF40072F2EB /* GalleryImageCollectionViewCell.swift */; };
		7F7C299126C8DCF40072F2EB /* GalleryImageCollectionViewCell.xib in Resources */ = {isa = PBXBuildFile; fileRef = 7F7C298F26C8DCF40072F2EB /* GalleryImageCollectionViewCell.xib */; };
		7F7C299526C8F2F10072F2EB /* GallerySliderCollectionViewCell.swift in Sources */ = {isa = PBXBuildFile; fileRef = 7F7C299326C8F2F10072F2EB /* GallerySliderCollectionViewCell.swift */; };
		7F7C299626C8F2F10072F2EB /* GallerySliderCollectionViewCell.xib in Resources */ = {isa = PBXBuildFile; fileRef = 7F7C299426C8F2F10072F2EB /* GallerySliderCollectionViewCell.xib */; };
		7FAE20B026BBD00500C36751 /* VideoDetailsCollectionViewCell.swift in Sources */ = {isa = PBXBuildFile; fileRef = 7FAE20AE26BBD00500C36751 /* VideoDetailsCollectionViewCell.swift */; };
		7FAE20B126BBD00500C36751 /* VideoDetailsCollectionViewCell.xib in Resources */ = {isa = PBXBuildFile; fileRef = 7FAE20AF26BBD00500C36751 /* VideoDetailsCollectionViewCell.xib */; };
		7FCAD0552692EA6900A39C1B /* GridType.swift in Sources */ = {isa = PBXBuildFile; fileRef = 7FCAD0542692EA6900A39C1B /* GridType.swift */; };
		7FCAD0592692F72700A39C1B /* HeaderCollectionReusableView.swift in Sources */ = {isa = PBXBuildFile; fileRef = 7FCAD0572692F72700A39C1B /* HeaderCollectionReusableView.swift */; };
		7FCAD05A2692F72700A39C1B /* HeaderCollectionReusableView.xib in Resources */ = {isa = PBXBuildFile; fileRef = 7FCAD0582692F72700A39C1B /* HeaderCollectionReusableView.xib */; };
		7FE8324026A1A25C0097BABD /* WatchTabViewController.swift in Sources */ = {isa = PBXBuildFile; fileRef = 7FE8323F26A1A25C0097BABD /* WatchTabViewController.swift */; };
		7FE8324226A1A2690097BABD /* WatchTabView.swift in Sources */ = {isa = PBXBuildFile; fileRef = 7FE8324126A1A2690097BABD /* WatchTabView.swift */; };
		7FE8324426A1A2720097BABD /* WatchViewModel.swift in Sources */ = {isa = PBXBuildFile; fileRef = 7FE8324326A1A2720097BABD /* WatchViewModel.swift */; };
/* End PBXBuildFile section */

/* Begin PBXFileReference section */
		7F1E8F97269AD721002EC961 /* CollectionTableViewCell.swift */ = {isa = PBXFileReference; lastKnownFileType = sourcecode.swift; path = CollectionTableViewCell.swift; sourceTree = "<group>"; };
		7F1E8F98269AD721002EC961 /* CollectionTableViewCell.xib */ = {isa = PBXFileReference; lastKnownFileType = file.xib; path = CollectionTableViewCell.xib; sourceTree = "<group>"; };
		7F1E8F9B269B025B002EC961 /* LabelCollectionViewCell.swift */ = {isa = PBXFileReference; lastKnownFileType = sourcecode.swift; path = LabelCollectionViewCell.swift; sourceTree = "<group>"; };
		7F1E8F9C269B025B002EC961 /* LabelCollectionViewCell.xib */ = {isa = PBXFileReference; lastKnownFileType = file.xib; path = LabelCollectionViewCell.xib; sourceTree = "<group>"; };
		7F1E8FA0269B0E63002EC961 /* QuotesTableViewCell.swift */ = {isa = PBXFileReference; lastKnownFileType = sourcecode.swift; path = QuotesTableViewCell.swift; sourceTree = "<group>"; };
		7F1E8FA1269B0E63002EC961 /* QuotesTableViewCell.xib */ = {isa = PBXFileReference; lastKnownFileType = file.xib; path = QuotesTableViewCell.xib; sourceTree = "<group>"; };
		7F1E8FA6269B5595002EC961 /* LearnMoreTableViewCell.swift */ = {isa = PBXFileReference; lastKnownFileType = sourcecode.swift; path = LearnMoreTableViewCell.swift; sourceTree = "<group>"; };
		7F1E8FA7269B5595002EC961 /* LearnMoreTableViewCell.xib */ = {isa = PBXFileReference; lastKnownFileType = file.xib; path = LearnMoreTableViewCell.xib; sourceTree = "<group>"; };
		7F2E0BEF2697F87300196AC0 /* DescriptionViewController.swift */ = {isa = PBXFileReference; lastKnownFileType = sourcecode.swift; path = DescriptionViewController.swift; sourceTree = "<group>"; };
		7F2E0BF3269828FF00196AC0 /* DescriptionView.swift */ = {isa = PBXFileReference; lastKnownFileType = sourcecode.swift; path = DescriptionView.swift; sourceTree = "<group>"; };
		7F2E0BF52698291A00196AC0 /* DescriptionViewModel.swift */ = {isa = PBXFileReference; lastKnownFileType = sourcecode.swift; path = DescriptionViewModel.swift; sourceTree = "<group>"; };
		7F2E0BF82698C20E00196AC0 /* ImageTableViewCell.swift */ = {isa = PBXFileReference; lastKnownFileType = sourcecode.swift; path = ImageTableViewCell.swift; sourceTree = "<group>"; };
		7F2E0BF92698C20E00196AC0 /* ImageTableViewCell.xib */ = {isa = PBXFileReference; lastKnownFileType = file.xib; path = ImageTableViewCell.xib; sourceTree = "<group>"; };
		7F33268726997FD4000A5375 /* LabelWithUnderlineTableViewCell.swift */ = {isa = PBXFileReference; lastKnownFileType = sourcecode.swift; path = LabelWithUnderlineTableViewCell.swift; sourceTree = "<group>"; };
		7F33268826997FD4000A5375 /* LabelWithUnderlineTableViewCell.xib */ = {isa = PBXFileReference; lastKnownFileType = file.xib; path = LabelWithUnderlineTableViewCell.xib; sourceTree = "<group>"; };
		7F3326C3269A0DAD000A5375 /* LabelTableViewCell.swift */ = {isa = PBXFileReference; lastKnownFileType = sourcecode.swift; path = LabelTableViewCell.swift; sourceTree = "<group>"; };
		7F3326C4269A0DAD000A5375 /* LabelTableViewCell.xib */ = {isa = PBXFileReference; lastKnownFileType = file.xib; path = LabelTableViewCell.xib; sourceTree = "<group>"; };
		7F3326C8269A12CA000A5375 /* LabelWithImageTableViewCell.swift */ = {isa = PBXFileReference; lastKnownFileType = sourcecode.swift; path = LabelWithImageTableViewCell.swift; sourceTree = "<group>"; };
		7F3326C9269A12CA000A5375 /* LabelWithImageTableViewCell.xib */ = {isa = PBXFileReference; lastKnownFileType = file.xib; path = LabelWithImageTableViewCell.xib; sourceTree = "<group>"; };
		7F39508D268F938200F714DC /* Animal.swift */ = {isa = PBXFileReference; lastKnownFileType = sourcecode.swift; path = Animal.swift; sourceTree = "<group>"; };
		7F39508F268F93A500F714DC /* Video.swift */ = {isa = PBXFileReference; lastKnownFileType = sourcecode.swift; path = Video.swift; sourceTree = "<group>"; };
		7F395091268F93CD00F714DC /* NationalParkLocation.swift */ = {isa = PBXFileReference; lastKnownFileType = sourcecode.swift; path = NationalParkLocation.swift; sourceTree = "<group>"; };
		7F395096268F943A00F714DC /* Bundle+Extension.swift */ = {isa = PBXFileReference; lastKnownFileType = sourcecode.swift; path = "Bundle+Extension.swift"; sourceTree = "<group>"; };
		7F395099268F99DE00F714DC /* TabBar.storyboard */ = {isa = PBXFileReference; lastKnownFileType = file.storyboard; path = TabBar.storyboard; sourceTree = "<group>"; };
		7F39509D268F9A5600F714DC /* NavBarView.swift */ = {isa = PBXFileReference; lastKnownFileType = sourcecode.swift; path = NavBarView.swift; sourceTree = "<group>"; };
		7F62BF23268EEDA700115596 /* Africa.app */ = {isa = PBXFileReference; explicitFileType = wrapper.application; includeInIndex = 0; path = Africa.app; sourceTree = BUILT_PRODUCTS_DIR; };
		7F62BF26268EEDA700115596 /* AppDelegate.swift */ = {isa = PBXFileReference; lastKnownFileType = sourcecode.swift; path = AppDelegate.swift; sourceTree = "<group>"; };
		7F62BF28268EEDA700115596 /* SceneDelegate.swift */ = {isa = PBXFileReference; lastKnownFileType = sourcecode.swift; path = SceneDelegate.swift; sourceTree = "<group>"; };
		7F62BF2D268EEDA700115596 /* Base */ = {isa = PBXFileReference; lastKnownFileType = file.storyboard; name = Base; path = Base.lproj/Main.storyboard; sourceTree = "<group>"; };
		7F62BF2F268EEDA900115596 /* Assets.xcassets */ = {isa = PBXFileReference; lastKnownFileType = folder.assetcatalog; path = Assets.xcassets; sourceTree = "<group>"; };
		7F62BF32268EEDA900115596 /* Base */ = {isa = PBXFileReference; lastKnownFileType = file.storyboard; name = Base; path = Base.lproj/LaunchScreen.storyboard; sourceTree = "<group>"; };
		7F62BF34268EEDA900115596 /* Info.plist */ = {isa = PBXFileReference; lastKnownFileType = text.plist.xml; path = Info.plist; sourceTree = "<group>"; };
		7F62BF3B268EF58700115596 /* locations.json */ = {isa = PBXFileReference; fileEncoding = 4; lastKnownFileType = text.json; path = locations.json; sourceTree = "<group>"; };
		7F62BF3C268EF58700115596 /* covers.json */ = {isa = PBXFileReference; fileEncoding = 4; lastKnownFileType = text.json; path = covers.json; sourceTree = "<group>"; };
		7F62BF3D268EF58700115596 /* animals.json */ = {isa = PBXFileReference; fileEncoding = 4; lastKnownFileType = text.json; path = animals.json; sourceTree = "<group>"; };
		7F62BF3E268EF58700115596 /* videos.json */ = {isa = PBXFileReference; fileEncoding = 4; lastKnownFileType = text.json; path = videos.json; sourceTree = "<group>"; };
		7F62BF44268EF5B500115596 /* cheetah.mp4 */ = {isa = PBXFileReference; lastKnownFileType = file; path = cheetah.mp4; sourceTree = "<group>"; };
		7F62BF45268EF5B500115596 /* lion.mp4 */ = {isa = PBXFileReference; lastKnownFileType = file; path = lion.mp4; sourceTree = "<group>"; };
		7F62BF46268EF5B500115596 /* gorilla.mp4 */ = {isa = PBXFileReference; lastKnownFileType = file; path = gorilla.mp4; sourceTree = "<group>"; };
		7F62BF47268EF5B500115596 /* rhino.mp4 */ = {isa = PBXFileReference; lastKnownFileType = file; path = rhino.mp4; sourceTree = "<group>"; };
		7F62BF48268EF5B500115596 /* hippo.mp4 */ = {isa = PBXFileReference; lastKnownFileType = file; path = hippo.mp4; sourceTree = "<group>"; };
		7F62BF49268EF5B500115596 /* ostrich.mp4 */ = {isa = PBXFileReference; lastKnownFileType = file; path = ostrich.mp4; sourceTree = "<group>"; };
		7F62BF4A268EF5B500115596 /* lioness.mp4 */ = {isa = PBXFileReference; lastKnownFileType = file; path = lioness.mp4; sourceTree = "<group>"; };
		7F62BF4B268EF5B500115596 /* elephant.mp4 */ = {isa = PBXFileReference; lastKnownFileType = file; path = elephant.mp4; sourceTree = "<group>"; };
		7F62BF4C268EF5B500115596 /* giraffe.mp4 */ = {isa = PBXFileReference; lastKnownFileType = file; path = giraffe.mp4; sourceTree = "<group>"; };
		7F62BF4D268EF5B500115596 /* zebra.mp4 */ = {isa = PBXFileReference; lastKnownFileType = file; path = zebra.mp4; sourceTree = "<group>"; };
		7F62BF58268F18E600115596 /* BaseViewController.swift */ = {isa = PBXFileReference; fileEncoding = 4; lastKnownFileType = sourcecode.swift; path = BaseViewController.swift; sourceTree = "<group>"; };
		7F62BF61268F1AD600115596 /* BaseViewModel.swift */ = {isa = PBXFileReference; fileEncoding = 4; lastKnownFileType = sourcecode.swift; path = BaseViewModel.swift; sourceTree = "<group>"; };
		7F62BF65268F1B1F00115596 /* Colors.swift */ = {isa = PBXFileReference; fileEncoding = 4; lastKnownFileType = sourcecode.swift; path = Colors.swift; sourceTree = "<group>"; };
		7F62BF67268F1B2F00115596 /* CustomError.swift */ = {isa = PBXFileReference; fileEncoding = 4; lastKnownFileType = sourcecode.swift; path = CustomError.swift; sourceTree = "<group>"; };
		7F62BF68268F1B2F00115596 /* Constants.swift */ = {isa = PBXFileReference; fileEncoding = 4; lastKnownFileType = sourcecode.swift; path = Constants.swift; sourceTree = "<group>"; };
		7F62BF69268F1B2F00115596 /* Fonts.swift */ = {isa = PBXFileReference; fileEncoding = 4; lastKnownFileType = sourcecode.swift; path = Fonts.swift; sourceTree = "<group>"; };
		7F62BF6A268F1B2F00115596 /* Config.swift */ = {isa = PBXFileReference; fileEncoding = 4; lastKnownFileType = sourcecode.swift; path = Config.swift; sourceTree = "<group>"; };
		7F62BF71268F1B3B00115596 /* Images.swift */ = {isa = PBXFileReference; fileEncoding = 4; lastKnownFileType = sourcecode.swift; path = Images.swift; sourceTree = "<group>"; };
		7F62BF72268F1B3B00115596 /* Strings.swift */ = {isa = PBXFileReference; fileEncoding = 4; lastKnownFileType = sourcecode.swift; path = Strings.swift; sourceTree = "<group>"; };
		7F62BF77268F1B5A00115596 /* View+Extension.swift */ = {isa = PBXFileReference; fileEncoding = 4; lastKnownFileType = sourcecode.swift; path = "View+Extension.swift"; sourceTree = "<group>"; };
		7F62BF79268F1D1400115596 /* SplashViewController.swift */ = {isa = PBXFileReference; lastKnownFileType = sourcecode.swift; path = SplashViewController.swift; sourceTree = "<group>"; };
		7F62BF7E268F1F0F00115596 /* SplashViewModel.swift */ = {isa = PBXFileReference; lastKnownFileType = sourcecode.swift; path = SplashViewModel.swift; sourceTree = "<group>"; };
		7F62BF80268F207700115596 /* SplashView.swift */ = {isa = PBXFileReference; lastKnownFileType = sourcecode.swift; path = SplashView.swift; sourceTree = "<group>"; };
		7F62BF87268F377000115596 /* NotificationCenterAdapter.swift */ = {isa = PBXFileReference; lastKnownFileType = sourcecode.swift; path = NotificationCenterAdapter.swift; sourceTree = "<group>"; };
		7F77596F2691C3D70012BC25 /* HomeTabViewModel.swift */ = {isa = PBXFileReference; lastKnownFileType = sourcecode.swift; path = HomeTabViewModel.swift; sourceTree = "<group>"; };
		7F7759712691C3E10012BC25 /* HomeTabView.swift */ = {isa = PBXFileReference; lastKnownFileType = sourcecode.swift; path = HomeTabView.swift; sourceTree = "<group>"; };
		7F7759952691E7560012BC25 /* AnimalDetailsCollectionViewCell.swift */ = {isa = PBXFileReference; lastKnownFileType = sourcecode.swift; path = AnimalDetailsCollectionViewCell.swift; sourceTree = "<group>"; };
		7F7759962691E7560012BC25 /* AnimalDetailsCollectionViewCell.xib */ = {isa = PBXFileReference; lastKnownFileType = file.xib; path = AnimalDetailsCollectionViewCell.xib; sourceTree = "<group>"; };
		7F77599C269201D40012BC25 /* CopyrightCollectionViewCell.swift */ = {isa = PBXFileReference; lastKnownFileType = sourcecode.swift; path = CopyrightCollectionViewCell.swift; sourceTree = "<group>"; };
		7F77599D269201D40012BC25 /* CopyrightCollectionViewCell.xib */ = {isa = PBXFileReference; lastKnownFileType = file.xib; path = CopyrightCollectionViewCell.xib; sourceTree = "<group>"; };
		7F7759A126920DEF0012BC25 /* BannerCollectionViewCell.swift */ = {isa = PBXFileReference; lastKnownFileType = sourcecode.swift; path = BannerCollectionViewCell.swift; sourceTree = "<group>"; };
		7F7759A226920DEF0012BC25 /* BannerCollectionViewCell.xib */ = {isa = PBXFileReference; lastKnownFileType = file.xib; path = BannerCollectionViewCell.xib; sourceTree = "<group>"; };
		7F7759A72692128A0012BC25 /* ImageCollectionViewCell.swift */ = {isa = PBXFileReference; lastKnownFileType = sourcecode.swift; path = ImageCollectionViewCell.swift; sourceTree = "<group>"; };
		7F7759A82692128A0012BC25 /* ImageCollectionViewCell.xib */ = {isa = PBXFileReference; lastKnownFileType = file.xib; path = ImageCollectionViewCell.xib; sourceTree = "<group>"; };
		7F78BE7B269021CB000DD505 /* HomeTabNavigationController.swift */ = {isa = PBXFileReference; lastKnownFileType = sourcecode.swift; path = HomeTabNavigationController.swift; sourceTree = "<group>"; };
		7F78BE7D2690240C000DD505 /* Storyboard.swift */ = {isa = PBXFileReference; fileEncoding = 4; lastKnownFileType = sourcecode.swift; path = Storyboard.swift; sourceTree = "<group>"; };
		7F78BE80269024AE000DD505 /* HomeTabViewController.swift */ = {isa = PBXFileReference; lastKnownFileType = sourcecode.swift; path = HomeTabViewController.swift; sourceTree = "<group>"; };
		7F78BE8B269054AC000DD505 /* TabBarController.swift */ = {isa = PBXFileReference; lastKnownFileType = sourcecode.swift; path = TabBarController.swift; sourceTree = "<group>"; };
		7F7C298026C817FD0072F2EB /* AnimalDescriptionViewController.swift */ = {isa = PBXFileReference; lastKnownFileType = sourcecode.swift; path = AnimalDescriptionViewController.swift; sourceTree = "<group>"; };
		7F7C298226C818C50072F2EB /* AnimalDescriptionView.swift */ = {isa = PBXFileReference; lastKnownFileType = sourcecode.swift; path = AnimalDescriptionView.swift; sourceTree = "<group>"; };
		7F7C298426C818D00072F2EB /* AnimalDescriptionViewModel.swift */ = {isa = PBXFileReference; lastKnownFileType = sourcecode.swift; path = AnimalDescriptionViewModel.swift; sourceTree = "<group>"; };
		7F7C298726C8D2C60072F2EB /* GalleryTabViewController.swift */ = {isa = PBXFileReference; lastKnownFileType = sourcecode.swift; path = GalleryTabViewController.swift; sourceTree = "<group>"; };
		7F7C298926C8D2D90072F2EB /* GalleryTabView.swift */ = {isa = PBXFileReference; lastKnownFileType = sourcecode.swift; path = GalleryTabView.swift; sourceTree = "<group>"; };
		7F7C298B26C8D2F30072F2EB /* GalleryTabViewModel.swift */ = {isa = PBXFileReference; lastKnownFileType = sourcecode.swift; path = GalleryTabViewModel.swift; sourceTree = "<group>"; };
		7F7C298E26C8DCF40072F2EB /* GalleryImageCollectionViewCell.swift */ = {isa = PBXFileReference; lastKnownFileType = sourcecode.swift; path = GalleryImageCollectionViewCell.swift; sourceTree = "<group>"; };
		7F7C298F26C8DCF40072F2EB /* GalleryImageCollectionViewCell.xib */ = {isa = PBXFileReference; lastKnownFileType = file.xib; path = GalleryImageCollectionViewCell.xib; sourceTree = "<group>"; };
		7F7C299326C8F2F10072F2EB /* GallerySliderCollectionViewCell.swift */ = {isa = PBXFileReference; lastKnownFileType = sourcecode.swift; path = GallerySliderCollectionViewCell.swift; sourceTree = "<group>"; };
		7F7C299426C8F2F10072F2EB /* GallerySliderCollectionViewCell.xib */ = {isa = PBXFileReference; lastKnownFileType = file.xib; path = GallerySliderCollectionViewCell.xib; sourceTree = "<group>"; };
		7FAE20AE26BBD00500C36751 /* VideoDetailsCollectionViewCell.swift */ = {isa = PBXFileReference; lastKnownFileType = sourcecode.swift; path = VideoDetailsCollectionViewCell.swift; sourceTree = "<group>"; };
		7FAE20AF26BBD00500C36751 /* VideoDetailsCollectionViewCell.xib */ = {isa = PBXFileReference; lastKnownFileType = file.xib; path = VideoDetailsCollectionViewCell.xib; sourceTree = "<group>"; };
		7FCAD0542692EA6900A39C1B /* GridType.swift */ = {isa = PBXFileReference; lastKnownFileType = sourcecode.swift; path = GridType.swift; sourceTree = "<group>"; };
		7FCAD0572692F72700A39C1B /* HeaderCollectionReusableView.swift */ = {isa = PBXFileReference; lastKnownFileType = sourcecode.swift; path = HeaderCollectionReusableView.swift; sourceTree = "<group>"; };
		7FCAD0582692F72700A39C1B /* HeaderCollectionReusableView.xib */ = {isa = PBXFileReference; lastKnownFileType = file.xib; path = HeaderCollectionReusableView.xib; sourceTree = "<group>"; };
		7FE8323F26A1A25C0097BABD /* WatchTabViewController.swift */ = {isa = PBXFileReference; lastKnownFileType = sourcecode.swift; path = WatchTabViewController.swift; sourceTree = "<group>"; };
		7FE8324126A1A2690097BABD /* WatchTabView.swift */ = {isa = PBXFileReference; lastKnownFileType = sourcecode.swift; path = WatchTabView.swift; sourceTree = "<group>"; };
		7FE8324326A1A2720097BABD /* WatchViewModel.swift */ = {isa = PBXFileReference; lastKnownFileType = sourcecode.swift; path = WatchViewModel.swift; sourceTree = "<group>"; };
/* End PBXFileReference section */

/* Begin PBXFrameworksBuildPhase section */
		7F62BF20268EEDA700115596 /* Frameworks */ = {
			isa = PBXFrameworksBuildPhase;
			buildActionMask = 2147483647;
			files = (
			);
			runOnlyForDeploymentPostprocessing = 0;
		};
/* End PBXFrameworksBuildPhase section */

/* Begin PBXGroup section */
		7F1E8F92269AD5C6002EC961 /* CollectionTableViewCell */ = {
			isa = PBXGroup;
			children = (
				7F1E8F97269AD721002EC961 /* CollectionTableViewCell.swift */,
				7F1E8F98269AD721002EC961 /* CollectionTableViewCell.xib */,
			);
			path = CollectionTableViewCell;
			sourceTree = "<group>";
		};
		7F1E8F9F269B025F002EC961 /* LabelCollection */ = {
			isa = PBXGroup;
			children = (
				7F1E8F9B269B025B002EC961 /* LabelCollectionViewCell.swift */,
				7F1E8F9C269B025B002EC961 /* LabelCollectionViewCell.xib */,
			);
			path = LabelCollection;
			sourceTree = "<group>";
		};
		7F1E8FA4269B0E67002EC961 /* Quotes */ = {
			isa = PBXGroup;
			children = (
				7F1E8FA0269B0E63002EC961 /* QuotesTableViewCell.swift */,
				7F1E8FA1269B0E63002EC961 /* QuotesTableViewCell.xib */,
			);
			path = Quotes;
			sourceTree = "<group>";
		};
		7F1E8FA5269B557E002EC961 /* LearnMore */ = {
			isa = PBXGroup;
			children = (
				7F1E8FA6269B5595002EC961 /* LearnMoreTableViewCell.swift */,
				7F1E8FA7269B5595002EC961 /* LearnMoreTableViewCell.xib */,
			);
			path = LearnMore;
			sourceTree = "<group>";
		};
		7F2E0BF12697F87C00196AC0 /* Description */ = {
			isa = PBXGroup;
			children = (
				7F2E0BEF2697F87300196AC0 /* DescriptionViewController.swift */,
				7F2E0BF3269828FF00196AC0 /* DescriptionView.swift */,
				7F2E0BF52698291A00196AC0 /* DescriptionViewModel.swift */,
				7F1E8FA5269B557E002EC961 /* LearnMore */,
				7F1E8FA4269B0E67002EC961 /* Quotes */,
				7F1E8F9F269B025F002EC961 /* LabelCollection */,
				7F1E8F92269AD5C6002EC961 /* CollectionTableViewCell */,
				7F3326C7269A12B2000A5375 /* LabelWithImage */,
				7F3326C2269A0D99000A5375 /* Label */,
				7F33268626997ECF000A5375 /* LabelWithUnderline */,
				7F2E0BF72698C1F400196AC0 /* Image */,
			);
			path = Description;
			sourceTree = "<group>";
		};
		7F2E0BF72698C1F400196AC0 /* Image */ = {
			isa = PBXGroup;
			children = (
				7F2E0BF82698C20E00196AC0 /* ImageTableViewCell.swift */,
				7F2E0BF92698C20E00196AC0 /* ImageTableViewCell.xib */,
			);
			path = Image;
			sourceTree = "<group>";
		};
		7F33268626997ECF000A5375 /* LabelWithUnderline */ = {
			isa = PBXGroup;
			children = (
				7F33268726997FD4000A5375 /* LabelWithUnderlineTableViewCell.swift */,
				7F33268826997FD4000A5375 /* LabelWithUnderlineTableViewCell.xib */,
			);
			path = LabelWithUnderline;
			sourceTree = "<group>";
		};
		7F3326C2269A0D99000A5375 /* Label */ = {
			isa = PBXGroup;
			children = (
				7F3326C3269A0DAD000A5375 /* LabelTableViewCell.swift */,
				7F3326C4269A0DAD000A5375 /* LabelTableViewCell.xib */,
			);
			path = Label;
			sourceTree = "<group>";
		};
		7F3326C7269A12B2000A5375 /* LabelWithImage */ = {
			isa = PBXGroup;
			children = (
				7F3326C8269A12CA000A5375 /* LabelWithImageTableViewCell.swift */,
				7F3326C9269A12CA000A5375 /* LabelWithImageTableViewCell.xib */,
			);
			path = LabelWithImage;
			sourceTree = "<group>";
		};
		7F39508C268F937000F714DC /* Models */ = {
			isa = PBXGroup;
			children = (
				7F39508D268F938200F714DC /* Animal.swift */,
				7F39508F268F93A500F714DC /* Video.swift */,
				7F395091268F93CD00F714DC /* NationalParkLocation.swift */,
				7FCAD0542692EA6900A39C1B /* GridType.swift */,
			);
			path = Models;
			sourceTree = "<group>";
		};
		7F395095268F942500F714DC /* Extensions */ = {
			isa = PBXGroup;
			children = (
				7F62BF77268F1B5A00115596 /* View+Extension.swift */,
				7F395096268F943A00F714DC /* Bundle+Extension.swift */,
			);
			path = Extensions;
			sourceTree = "<group>";
		};
		7F395098268F99A300F714DC /* TabBar */ = {
			isa = PBXGroup;
			children = (
				7F395099268F99DE00F714DC /* TabBar.storyboard */,
				7F78BE8B269054AC000DD505 /* TabBarController.swift */,
				7F39509B268F99E300F714DC /* TabBarScreens */,
			);
			path = TabBar;
			sourceTree = "<group>";
		};
		7F39509B268F99E300F714DC /* TabBarScreens */ = {
			isa = PBXGroup;
			children = (
				7F78BE7B269021CB000DD505 /* HomeTabNavigationController.swift */,
				7F7C298626C8D2850072F2EB /* GalleryTab */,
				7FE8323E26A1A2490097BABD /* WatchTab */,
				7F78BE7F2690249B000DD505 /* HomeTab */,
			);
			path = TabBarScreens;
			sourceTree = "<group>";
		};
		7F39509C268F9A3D00F714DC /* Views */ = {
			isa = PBXGroup;
			children = (
				7F39509D268F9A5600F714DC /* NavBarView.swift */,
			);
			path = Views;
			sourceTree = "<group>";
		};
		7F62BF1A268EEDA700115596 = {
			isa = PBXGroup;
			children = (
				7F62BF25268EEDA700115596 /* Africa */,
				7F62BF24268EEDA700115596 /* Products */,
			);
			sourceTree = "<group>";
		};
		7F62BF24268EEDA700115596 /* Products */ = {
			isa = PBXGroup;
			children = (
				7F62BF23268EEDA700115596 /* Africa.app */,
			);
			name = Products;
			sourceTree = "<group>";
		};
		7F62BF25268EEDA700115596 /* Africa */ = {
			isa = PBXGroup;
			children = (
				7F62BF26268EEDA700115596 /* AppDelegate.swift */,
				7F62BF28268EEDA700115596 /* SceneDelegate.swift */,
				7F62BF86268F375F00115596 /* NotificationCenterAdaptor */,
				7F62BF64268F1B0200115596 /* Helpers */,
				7F39508C268F937000F714DC /* Models */,
				7F62BF5A268F19DB00115596 /* BaseComponents */,
				7F62BF7B268F1E1F00115596 /* Controllers */,
				7F39509C268F9A3D00F714DC /* Views */,
				7F395095268F942500F714DC /* Extensions */,
				7F62BF3A268EF57600115596 /* DataFiles */,
				7F62BF43268EF5A500115596 /* Videos */,
				7F62BF2F268EEDA900115596 /* Assets.xcassets */,
				7F62BF31268EEDA900115596 /* LaunchScreen.storyboard */,
				7F62BF34268EEDA900115596 /* Info.plist */,
			);
			path = Africa;
			sourceTree = "<group>";
		};
		7F62BF3A268EF57600115596 /* DataFiles */ = {
			isa = PBXGroup;
			children = (
				7F62BF3D268EF58700115596 /* animals.json */,
				7F62BF3C268EF58700115596 /* covers.json */,
				7F62BF3B268EF58700115596 /* locations.json */,
				7F62BF3E268EF58700115596 /* videos.json */,
			);
			path = DataFiles;
			sourceTree = "<group>";
		};
		7F62BF43268EF5A500115596 /* Videos */ = {
			isa = PBXGroup;
			children = (
				7F62BF44268EF5B500115596 /* cheetah.mp4 */,
				7F62BF4B268EF5B500115596 /* elephant.mp4 */,
				7F62BF4C268EF5B500115596 /* giraffe.mp4 */,
				7F62BF46268EF5B500115596 /* gorilla.mp4 */,
				7F62BF48268EF5B500115596 /* hippo.mp4 */,
				7F62BF45268EF5B500115596 /* lion.mp4 */,
				7F62BF4A268EF5B500115596 /* lioness.mp4 */,
				7F62BF49268EF5B500115596 /* ostrich.mp4 */,
				7F62BF47268EF5B500115596 /* rhino.mp4 */,
				7F62BF4D268EF5B500115596 /* zebra.mp4 */,
			);
			path = Videos;
			sourceTree = "<group>";
		};
		7F62BF5A268F19DB00115596 /* BaseComponents */ = {
			isa = PBXGroup;
			children = (
				7F62BF58268F18E600115596 /* BaseViewController.swift */,
				7F62BF61268F1AD600115596 /* BaseViewModel.swift */,
			);
			path = BaseComponents;
			sourceTree = "<group>";
		};
		7F62BF64268F1B0200115596 /* Helpers */ = {
			isa = PBXGroup;
			children = (
				7F62BF65268F1B1F00115596 /* Colors.swift */,
				7F62BF6A268F1B2F00115596 /* Config.swift */,
				7F62BF68268F1B2F00115596 /* Constants.swift */,
				7F62BF67268F1B2F00115596 /* CustomError.swift */,
				7F62BF69268F1B2F00115596 /* Fonts.swift */,
				7F62BF71268F1B3B00115596 /* Images.swift */,
				7F62BF72268F1B3B00115596 /* Strings.swift */,
			);
			path = Helpers;
			sourceTree = "<group>";
		};
		7F62BF7B268F1E1F00115596 /* Controllers */ = {
			isa = PBXGroup;
			children = (
				7F78BE7D2690240C000DD505 /* Storyboard.swift */,
				7F62BF7C268F1ED900115596 /* Main */,
				7F395098268F99A300F714DC /* TabBar */,
			);
			path = Controllers;
			sourceTree = "<group>";
		};
		7F62BF7C268F1ED900115596 /* Main */ = {
			isa = PBXGroup;
			children = (
				7F62BF2C268EEDA700115596 /* Main.storyboard */,
				7F62BF7D268F1EF200115596 /* Splash */,
				7F2E0BF12697F87C00196AC0 /* Description */,
				7F7C297F26C817B90072F2EB /* DescriptionWithScrollView */,
			);
			path = Main;
			sourceTree = "<group>";
		};
		7F62BF7D268F1EF200115596 /* Splash */ = {
			isa = PBXGroup;
			children = (
				7F62BF79268F1D1400115596 /* SplashViewController.swift */,
				7F62BF7E268F1F0F00115596 /* SplashViewModel.swift */,
				7F62BF80268F207700115596 /* SplashView.swift */,
			);
			path = Splash;
			sourceTree = "<group>";
		};
		7F62BF86268F375F00115596 /* NotificationCenterAdaptor */ = {
			isa = PBXGroup;
			children = (
				7F62BF87268F377000115596 /* NotificationCenterAdapter.swift */,
			);
			path = NotificationCenterAdaptor;
			sourceTree = "<group>";
		};
		7F7759992691E75B0012BC25 /* Cells */ = {
			isa = PBXGroup;
			children = (
				7FCAD0562692F70600A39C1B /* SpacerHeader */,
				7F7759A5269212680012BC25 /* Image */,
				7F7759A026920DD90012BC25 /* Banner */,
				7F77599B269201B20012BC25 /* Copyright */,
				7F77599A269201A40012BC25 /* AnimalsDetails */,
			);
			path = Cells;
			sourceTree = "<group>";
		};
		7F77599A269201A40012BC25 /* AnimalsDetails */ = {
			isa = PBXGroup;
			children = (
				7F7759952691E7560012BC25 /* AnimalDetailsCollectionViewCell.swift */,
				7F7759962691E7560012BC25 /* AnimalDetailsCollectionViewCell.xib */,
			);
			path = AnimalsDetails;
			sourceTree = "<group>";
		};
		7F77599B269201B20012BC25 /* Copyright */ = {
			isa = PBXGroup;
			children = (
				7F77599C269201D40012BC25 /* CopyrightCollectionViewCell.swift */,
				7F77599D269201D40012BC25 /* CopyrightCollectionViewCell.xib */,
			);
			path = Copyright;
			sourceTree = "<group>";
		};
		7F7759A026920DD90012BC25 /* Banner */ = {
			isa = PBXGroup;
			children = (
				7F7759A126920DEF0012BC25 /* BannerCollectionViewCell.swift */,
				7F7759A226920DEF0012BC25 /* BannerCollectionViewCell.xib */,
			);
			path = Banner;
			sourceTree = "<group>";
		};
		7F7759A5269212680012BC25 /* Image */ = {
			isa = PBXGroup;
			children = (
				7F7759A72692128A0012BC25 /* ImageCollectionViewCell.swift */,
				7F7759A82692128A0012BC25 /* ImageCollectionViewCell.xib */,
			);
			path = Image;
			sourceTree = "<group>";
		};
		7F78BE7F2690249B000DD505 /* HomeTab */ = {
			isa = PBXGroup;
			children = (
				7F78BE80269024AE000DD505 /* HomeTabViewController.swift */,
				7F77596F2691C3D70012BC25 /* HomeTabViewModel.swift */,
				7F7759712691C3E10012BC25 /* HomeTabView.swift */,
				7F7759992691E75B0012BC25 /* Cells */,
			);
			path = HomeTab;
			sourceTree = "<group>";
		};
		7F7C297F26C817B90072F2EB /* DescriptionWithScrollView */ = {
			isa = PBXGroup;
			children = (
				7F7C298026C817FD0072F2EB /* AnimalDescriptionViewController.swift */,
				7F7C298226C818C50072F2EB /* AnimalDescriptionView.swift */,
				7F7C298426C818D00072F2EB /* AnimalDescriptionViewModel.swift */,
			);
			path = DescriptionWithScrollView;
			sourceTree = "<group>";
		};
		7F7C298626C8D2850072F2EB /* GalleryTab */ = {
			isa = PBXGroup;
			children = (
				7F7C298726C8D2C60072F2EB /* GalleryTabViewController.swift */,
				7F7C298926C8D2D90072F2EB /* GalleryTabView.swift */,
				7F7C298B26C8D2F30072F2EB /* GalleryTabViewModel.swift */,
				7F7C299226C8F2DA0072F2EB /* GallerySlider */,
				7F7C298D26C8DB4C0072F2EB /* GalleryImage */,
			);
			path = GalleryTab;
			sourceTree = "<group>";
		};
		7F7C298D26C8DB4C0072F2EB /* GalleryImage */ = {
			isa = PBXGroup;
			children = (
				7F7C298E26C8DCF40072F2EB /* GalleryImageCollectionViewCell.swift */,
				7F7C298F26C8DCF40072F2EB /* GalleryImageCollectionViewCell.xib */,
			);
			path = GalleryImage;
			sourceTree = "<group>";
		};
		7F7C299226C8F2DA0072F2EB /* GallerySlider */ = {
			isa = PBXGroup;
			children = (
				7F7C299326C8F2F10072F2EB /* GallerySliderCollectionViewCell.swift */,
				7F7C299426C8F2F10072F2EB /* GallerySliderCollectionViewCell.xib */,
			);
			path = GallerySlider;
			sourceTree = "<group>";
		};
		7FAE20AD26BBCFEB00C36751 /* Cells */ = {
			isa = PBXGroup;
			children = (
				7FAE20AE26BBD00500C36751 /* VideoDetailsCollectionViewCell.swift */,
				7FAE20AF26BBD00500C36751 /* VideoDetailsCollectionViewCell.xib */,
			);
			path = Cells;
			sourceTree = "<group>";
		};
		7FCAD0562692F70600A39C1B /* SpacerHeader */ = {
			isa = PBXGroup;
			children = (
				7FCAD0572692F72700A39C1B /* HeaderCollectionReusableView.swift */,
				7FCAD0582692F72700A39C1B /* HeaderCollectionReusableView.xib */,
			);
			path = SpacerHeader;
			sourceTree = "<group>";
		};
		7FE8323E26A1A2490097BABD /* WatchTab */ = {
			isa = PBXGroup;
			children = (
				7FE8323F26A1A25C0097BABD /* WatchTabViewController.swift */,
				7FE8324126A1A2690097BABD /* WatchTabView.swift */,
				7FE8324326A1A2720097BABD /* WatchViewModel.swift */,
				7FAE20AD26BBCFEB00C36751 /* Cells */,
			);
			path = WatchTab;
			sourceTree = "<group>";
		};
/* End PBXGroup section */

/* Begin PBXNativeTarget section */
		7F62BF22268EEDA700115596 /* Africa */ = {
			isa = PBXNativeTarget;
			buildConfigurationList = 7F62BF37268EEDA900115596 /* Build configuration list for PBXNativeTarget "Africa" */;
			buildPhases = (
				7F62BF1F268EEDA700115596 /* Sources */,
				7F62BF20268EEDA700115596 /* Frameworks */,
				7F62BF21268EEDA700115596 /* Resources */,
			);
			buildRules = (
			);
			dependencies = (
			);
			name = Africa;
			productName = Africa;
			productReference = 7F62BF23268EEDA700115596 /* Africa.app */;
			productType = "com.apple.product-type.application";
		};
/* End PBXNativeTarget section */

/* Begin PBXProject section */
		7F62BF1B268EEDA700115596 /* Project object */ = {
			isa = PBXProject;
			attributes = {
				LastSwiftUpdateCheck = 1250;
				LastUpgradeCheck = 1250;
				TargetAttributes = {
					7F62BF22268EEDA700115596 = {
						CreatedOnToolsVersion = 12.5.1;
					};
				};
			};
			buildConfigurationList = 7F62BF1E268EEDA700115596 /* Build configuration list for PBXProject "Africa" */;
			compatibilityVersion = "Xcode 9.3";
			developmentRegion = en;
			hasScannedForEncodings = 0;
			knownRegions = (
				en,
				Base,
			);
			mainGroup = 7F62BF1A268EEDA700115596;
			productRefGroup = 7F62BF24268EEDA700115596 /* Products */;
			projectDirPath = "";
			projectRoot = "";
			targets = (
				7F62BF22268EEDA700115596 /* Africa */,
			);
		};
/* End PBXProject section */

/* Begin PBXResourcesBuildPhase section */
		7F62BF21268EEDA700115596 /* Resources */ = {
			isa = PBXResourcesBuildPhase;
			buildActionMask = 2147483647;
			files = (
				7F77599F269201D40012BC25 /* CopyrightCollectionViewCell.xib in Resources */,
				7F62BF40268EF58700115596 /* covers.json in Resources */,
				7F7759AA2692128A0012BC25 /* ImageCollectionViewCell.xib in Resources */,
				7F33268A26997FD4000A5375 /* LabelWithUnderlineTableViewCell.xib in Resources */,
				7F62BF57268EF5D000115596 /* gorilla.mp4 in Resources */,
				7F3326CB269A12CA000A5375 /* LabelWithImageTableViewCell.xib in Resources */,
				7F62BF52268EF5D000115596 /* lion.mp4 in Resources */,
				7F1E8F9A269AD721002EC961 /* CollectionTableViewCell.xib in Resources */,
				7F1E8FA3269B0E63002EC961 /* QuotesTableViewCell.xib in Resources */,
				7F7759982691E7560012BC25 /* AnimalDetailsCollectionViewCell.xib in Resources */,
				7F7C299626C8F2F10072F2EB /* GallerySliderCollectionViewCell.xib in Resources */,
				7F7C299126C8DCF40072F2EB /* GalleryImageCollectionViewCell.xib in Resources */,
				7F62BF51268EF5D000115596 /* lioness.mp4 in Resources */,
				7F62BF33268EEDA900115596 /* LaunchScreen.storyboard in Resources */,
				7F62BF54268EF5D000115596 /* elephant.mp4 in Resources */,
				7F62BF30268EEDA900115596 /* Assets.xcassets in Resources */,
				7F62BF42268EF58700115596 /* videos.json in Resources */,
				7F62BF41268EF58700115596 /* animals.json in Resources */,
				7F62BF53268EF5D000115596 /* rhino.mp4 in Resources */,
				7F39509A268F99DE00F714DC /* TabBar.storyboard in Resources */,
				7F62BF3F268EF58700115596 /* locations.json in Resources */,
				7FAE20B126BBD00500C36751 /* VideoDetailsCollectionViewCell.xib in Resources */,
				7F62BF55268EF5D000115596 /* hippo.mp4 in Resources */,
				7F62BF50268EF5D000115596 /* cheetah.mp4 in Resources */,
				7F3326C6269A0DAD000A5375 /* LabelTableViewCell.xib in Resources */,
				7F1E8F9E269B025B002EC961 /* LabelCollectionViewCell.xib in Resources */,
				7F62BF4E268EF5D000115596 /* ostrich.mp4 in Resources */,
				7F62BF4F268EF5D000115596 /* zebra.mp4 in Resources */,
				7F62BF56268EF5D000115596 /* giraffe.mp4 in Resources */,
				7FCAD05A2692F72700A39C1B /* HeaderCollectionReusableView.xib in Resources */,
				7F1E8FA9269B5595002EC961 /* LearnMoreTableViewCell.xib in Resources */,
				7F2E0BFB2698C20E00196AC0 /* ImageTableViewCell.xib in Resources */,
				7F7759A426920DEF0012BC25 /* BannerCollectionViewCell.xib in Resources */,
				7F62BF2E268EEDA700115596 /* Main.storyboard in Resources */,
			);
			runOnlyForDeploymentPostprocessing = 0;
		};
/* End PBXResourcesBuildPhase section */

/* Begin PBXSourcesBuildPhase section */
		7F62BF1F268EEDA700115596 /* Sources */ = {
			isa = PBXSourcesBuildPhase;
			buildActionMask = 2147483647;
			files = (
				7F7759972691E7560012BC25 /* AnimalDetailsCollectionViewCell.swift in Sources */,
				7F62BF88268F377000115596 /* NotificationCenterAdapter.swift in Sources */,
				7F1E8F99269AD721002EC961 /* CollectionTableViewCell.swift in Sources */,
				7F7759A92692128A0012BC25 /* ImageCollectionViewCell.swift in Sources */,
				7F2E0BF4269828FF00196AC0 /* DescriptionView.swift in Sources */,
				7F7759722691C3E10012BC25 /* HomeTabView.swift in Sources */,
				7F78BE8C269054AC000DD505 /* TabBarController.swift in Sources */,
				7F2E0BFA2698C20E00196AC0 /* ImageTableViewCell.swift in Sources */,
				7F395097268F943A00F714DC /* Bundle+Extension.swift in Sources */,
				7F1E8F9D269B025B002EC961 /* LabelCollectionViewCell.swift in Sources */,
				7F39509E268F9A5600F714DC /* NavBarView.swift in Sources */,
				7F33268926997FD4000A5375 /* LabelWithUnderlineTableViewCell.swift in Sources */,
				7F39508E268F938200F714DC /* Animal.swift in Sources */,
				7F2E0BF02697F87300196AC0 /* DescriptionViewController.swift in Sources */,
				7F78BE81269024AE000DD505 /* HomeTabViewController.swift in Sources */,
				7F78BE7E2690240C000DD505 /* Storyboard.swift in Sources */,
				7F7C298A26C8D2D90072F2EB /* GalleryTabView.swift in Sources */,
				7F62BF7F268F1F0F00115596 /* SplashViewModel.swift in Sources */,
				7F7C299526C8F2F10072F2EB /* GallerySliderCollectionViewCell.swift in Sources */,
				7F62BF6C268F1B2F00115596 /* Constants.swift in Sources */,
				7F62BF66268F1B1F00115596 /* Colors.swift in Sources */,
				7F1E8FA8269B5595002EC961 /* LearnMoreTableViewCell.swift in Sources */,
				7F7C298526C818D00072F2EB /* AnimalDescriptionViewModel.swift in Sources */,
				7FE8324426A1A2720097BABD /* WatchViewModel.swift in Sources */,
				7F7759702691C3D70012BC25 /* HomeTabViewModel.swift in Sources */,
				7F62BF7A268F1D1400115596 /* SplashViewController.swift in Sources */,
				7F62BF6D268F1B2F00115596 /* Fonts.swift in Sources */,
				7F62BF59268F18E600115596 /* BaseViewController.swift in Sources */,
				7F1E8FA2269B0E63002EC961 /* QuotesTableViewCell.swift in Sources */,
				7F62BF6E268F1B2F00115596 /* Config.swift in Sources */,
				7F62BF27268EEDA700115596 /* AppDelegate.swift in Sources */,
				7F7C298126C817FD0072F2EB /* AnimalDescriptionViewController.swift in Sources */,
				7F3326C5269A0DAD000A5375 /* LabelTableViewCell.swift in Sources */,
				7F7C298826C8D2C60072F2EB /* GalleryTabViewController.swift in Sources */,
				7FCAD0592692F72700A39C1B /* HeaderCollectionReusableView.swift in Sources */,
				7F7759A326920DEF0012BC25 /* BannerCollectionViewCell.swift in Sources */,
				7F77599E269201D40012BC25 /* CopyrightCollectionViewCell.swift in Sources */,
				7F62BF6B268F1B2F00115596 /* CustomError.swift in Sources */,
				7F7C298C26C8D2F30072F2EB /* GalleryTabViewModel.swift in Sources */,
				7F62BF62268F1AD600115596 /* BaseViewModel.swift in Sources */,
				7F62BF76268F1B3B00115596 /* Strings.swift in Sources */,
				7FAE20B026BBD00500C36751 /* VideoDetailsCollectionViewCell.swift in Sources */,
				7F395090268F93A500F714DC /* Video.swift in Sources */,
				7F62BF75268F1B3B00115596 /* Images.swift in Sources */,
				7FE8324026A1A25C0097BABD /* WatchTabViewController.swift in Sources */,
				7F395092268F93CD00F714DC /* NationalParkLocation.swift in Sources */,
				7F78BE7C269021CB000DD505 /* HomeTabNavigationController.swift in Sources */,
				7F3326CA269A12CA000A5375 /* LabelWithImageTableViewCell.swift in Sources */,
				7F7C299026C8DCF40072F2EB /* GalleryImageCollectionViewCell.swift in Sources */,
				7F62BF29268EEDA700115596 /* SceneDelegate.swift in Sources */,
				7F2E0BF62698291A00196AC0 /* DescriptionViewModel.swift in Sources */,
				7F62BF81268F207700115596 /* SplashView.swift in Sources */,
				7FCAD0552692EA6900A39C1B /* GridType.swift in Sources */,
				7F7C298326C818C50072F2EB /* AnimalDescriptionView.swift in Sources */,
				7FE8324226A1A2690097BABD /* WatchTabView.swift in Sources */,
				7F62BF78268F1B5A00115596 /* View+Extension.swift in Sources */,
			);
			runOnlyForDeploymentPostprocessing = 0;
		};
/* End PBXSourcesBuildPhase section */

/* Begin PBXVariantGroup section */
		7F62BF2C268EEDA700115596 /* Main.storyboard */ = {
			isa = PBXVariantGroup;
			children = (
				7F62BF2D268EEDA700115596 /* Base */,
			);
			name = Main.storyboard;
			sourceTree = "<group>";
		};
		7F62BF31268EEDA900115596 /* LaunchScreen.storyboard */ = {
			isa = PBXVariantGroup;
			children = (
				7F62BF32268EEDA900115596 /* Base */,
			);
			name = LaunchScreen.storyboard;
			sourceTree = "<group>";
		};
/* End PBXVariantGroup section */

/* Begin XCBuildConfiguration section */
		7F62BF35268EEDA900115596 /* Debug */ = {
			isa = XCBuildConfiguration;
			buildSettings = {
				ALWAYS_SEARCH_USER_PATHS = NO;
				CLANG_ANALYZER_NONNULL = YES;
				CLANG_ANALYZER_NUMBER_OBJECT_CONVERSION = YES_AGGRESSIVE;
				CLANG_CXX_LANGUAGE_STANDARD = "gnu++14";
				CLANG_CXX_LIBRARY = "libc++";
				CLANG_ENABLE_MODULES = YES;
				CLANG_ENABLE_OBJC_ARC = YES;
				CLANG_ENABLE_OBJC_WEAK = YES;
				CLANG_WARN_BLOCK_CAPTURE_AUTORELEASING = YES;
				CLANG_WARN_BOOL_CONVERSION = YES;
				CLANG_WARN_COMMA = YES;
				CLANG_WARN_CONSTANT_CONVERSION = YES;
				CLANG_WARN_DEPRECATED_OBJC_IMPLEMENTATIONS = YES;
				CLANG_WARN_DIRECT_OBJC_ISA_USAGE = YES_ERROR;
				CLANG_WARN_DOCUMENTATION_COMMENTS = YES;
				CLANG_WARN_EMPTY_BODY = YES;
				CLANG_WARN_ENUM_CONVERSION = YES;
				CLANG_WARN_INFINITE_RECURSION = YES;
				CLANG_WARN_INT_CONVERSION = YES;
				CLANG_WARN_NON_LITERAL_NULL_CONVERSION = YES;
				CLANG_WARN_OBJC_IMPLICIT_RETAIN_SELF = YES;
				CLANG_WARN_OBJC_LITERAL_CONVERSION = YES;
				CLANG_WARN_OBJC_ROOT_CLASS = YES_ERROR;
				CLANG_WARN_QUOTED_INCLUDE_IN_FRAMEWORK_HEADER = YES;
				CLANG_WARN_RANGE_LOOP_ANALYSIS = YES;
				CLANG_WARN_STRICT_PROTOTYPES = YES;
				CLANG_WARN_SUSPICIOUS_MOVE = YES;
				CLANG_WARN_UNGUARDED_AVAILABILITY = YES_AGGRESSIVE;
				CLANG_WARN_UNREACHABLE_CODE = YES;
				CLANG_WARN__DUPLICATE_METHOD_MATCH = YES;
				COPY_PHASE_STRIP = NO;
				DEBUG_INFORMATION_FORMAT = dwarf;
				ENABLE_STRICT_OBJC_MSGSEND = YES;
				ENABLE_TESTABILITY = YES;
				GCC_C_LANGUAGE_STANDARD = gnu11;
				GCC_DYNAMIC_NO_PIC = NO;
				GCC_NO_COMMON_BLOCKS = YES;
				GCC_OPTIMIZATION_LEVEL = 0;
				GCC_PREPROCESSOR_DEFINITIONS = (
					"DEBUG=1",
					"$(inherited)",
				);
				GCC_WARN_64_TO_32_BIT_CONVERSION = YES;
				GCC_WARN_ABOUT_RETURN_TYPE = YES_ERROR;
				GCC_WARN_UNDECLARED_SELECTOR = YES;
				GCC_WARN_UNINITIALIZED_AUTOS = YES_AGGRESSIVE;
				GCC_WARN_UNUSED_FUNCTION = YES;
				GCC_WARN_UNUSED_VARIABLE = YES;
				IPHONEOS_DEPLOYMENT_TARGET = 14.5;
				MTL_ENABLE_DEBUG_INFO = INCLUDE_SOURCE;
				MTL_FAST_MATH = YES;
				ONLY_ACTIVE_ARCH = YES;
				SDKROOT = iphoneos;
				SWIFT_ACTIVE_COMPILATION_CONDITIONS = DEBUG;
				SWIFT_OPTIMIZATION_LEVEL = "-Onone";
			};
			name = Debug;
		};
		7F62BF36268EEDA900115596 /* Release */ = {
			isa = XCBuildConfiguration;
			buildSettings = {
				ALWAYS_SEARCH_USER_PATHS = NO;
				CLANG_ANALYZER_NONNULL = YES;
				CLANG_ANALYZER_NUMBER_OBJECT_CONVERSION = YES_AGGRESSIVE;
				CLANG_CXX_LANGUAGE_STANDARD = "gnu++14";
				CLANG_CXX_LIBRARY = "libc++";
				CLANG_ENABLE_MODULES = YES;
				CLANG_ENABLE_OBJC_ARC = YES;
				CLANG_ENABLE_OBJC_WEAK = YES;
				CLANG_WARN_BLOCK_CAPTURE_AUTORELEASING = YES;
				CLANG_WARN_BOOL_CONVERSION = YES;
				CLANG_WARN_COMMA = YES;
				CLANG_WARN_CONSTANT_CONVERSION = YES;
				CLANG_WARN_DEPRECATED_OBJC_IMPLEMENTATIONS = YES;
				CLANG_WARN_DIRECT_OBJC_ISA_USAGE = YES_ERROR;
				CLANG_WARN_DOCUMENTATION_COMMENTS = YES;
				CLANG_WARN_EMPTY_BODY = YES;
				CLANG_WARN_ENUM_CONVERSION = YES;
				CLANG_WARN_INFINITE_RECURSION = YES;
				CLANG_WARN_INT_CONVERSION = YES;
				CLANG_WARN_NON_LITERAL_NULL_CONVERSION = YES;
				CLANG_WARN_OBJC_IMPLICIT_RETAIN_SELF = YES;
				CLANG_WARN_OBJC_LITERAL_CONVERSION = YES;
				CLANG_WARN_OBJC_ROOT_CLASS = YES_ERROR;
				CLANG_WARN_QUOTED_INCLUDE_IN_FRAMEWORK_HEADER = YES;
				CLANG_WARN_RANGE_LOOP_ANALYSIS = YES;
				CLANG_WARN_STRICT_PROTOTYPES = YES;
				CLANG_WARN_SUSPICIOUS_MOVE = YES;
				CLANG_WARN_UNGUARDED_AVAILABILITY = YES_AGGRESSIVE;
				CLANG_WARN_UNREACHABLE_CODE = YES;
				CLANG_WARN__DUPLICATE_METHOD_MATCH = YES;
				COPY_PHASE_STRIP = NO;
				DEBUG_INFORMATION_FORMAT = "dwarf-with-dsym";
				ENABLE_NS_ASSERTIONS = NO;
				ENABLE_STRICT_OBJC_MSGSEND = YES;
				GCC_C_LANGUAGE_STANDARD = gnu11;
				GCC_NO_COMMON_BLOCKS = YES;
				GCC_WARN_64_TO_32_BIT_CONVERSION = YES;
				GCC_WARN_ABOUT_RETURN_TYPE = YES_ERROR;
				GCC_WARN_UNDECLARED_SELECTOR = YES;
				GCC_WARN_UNINITIALIZED_AUTOS = YES_AGGRESSIVE;
				GCC_WARN_UNUSED_FUNCTION = YES;
				GCC_WARN_UNUSED_VARIABLE = YES;
				IPHONEOS_DEPLOYMENT_TARGET = 14.5;
				MTL_ENABLE_DEBUG_INFO = NO;
				MTL_FAST_MATH = YES;
				SDKROOT = iphoneos;
				SWIFT_COMPILATION_MODE = wholemodule;
				SWIFT_OPTIMIZATION_LEVEL = "-O";
				VALIDATE_PRODUCT = YES;
			};
			name = Release;
		};
		7F62BF38268EEDA900115596 /* Debug */ = {
			isa = XCBuildConfiguration;
			buildSettings = {
				ASSETCATALOG_COMPILER_APPICON_NAME = AppIcon;
				ASSETCATALOG_COMPILER_GLOBAL_ACCENT_COLOR_NAME = AccentColor;
				CODE_SIGN_STYLE = Automatic;
				DEVELOPMENT_TEAM = L2Z5JFXQ85;
				INFOPLIST_FILE = Africa/Info.plist;
				IPHONEOS_DEPLOYMENT_TARGET = 14.1;
				LD_RUNPATH_SEARCH_PATHS = (
					"$(inherited)",
					"@executable_path/Frameworks",
				);
				PRODUCT_BUNDLE_IDENTIFIER = com.saikiran.Africa;
				PRODUCT_NAME = "$(TARGET_NAME)";
				SWIFT_VERSION = 5.0;
				TARGETED_DEVICE_FAMILY = "1,2";
			};
			name = Debug;
		};
		7F62BF39268EEDA900115596 /* Release */ = {
			isa = XCBuildConfiguration;
			buildSettings = {
				ASSETCATALOG_COMPILER_APPICON_NAME = AppIcon;
				ASSETCATALOG_COMPILER_GLOBAL_ACCENT_COLOR_NAME = AccentColor;
				CODE_SIGN_STYLE = Automatic;
				DEVELOPMENT_TEAM = L2Z5JFXQ85;
				INFOPLIST_FILE = Africa/Info.plist;
				IPHONEOS_DEPLOYMENT_TARGET = 14.1;
				LD_RUNPATH_SEARCH_PATHS = (
					"$(inherited)",
					"@executable_path/Frameworks",
				);
				PRODUCT_BUNDLE_IDENTIFIER = com.saikiran.Africa;
				PRODUCT_NAME = "$(TARGET_NAME)";
				SWIFT_VERSION = 5.0;
				TARGETED_DEVICE_FAMILY = "1,2";
			};
			name = Release;
		};
/* End XCBuildConfiguration section */

/* Begin XCConfigurationList section */
		7F62BF1E268EEDA700115596 /* Build configuration list for PBXProject "Africa" */ = {
			isa = XCConfigurationList;
			buildConfigurations = (
				7F62BF35268EEDA900115596 /* Debug */,
				7F62BF36268EEDA900115596 /* Release */,
			);
			defaultConfigurationIsVisible = 0;
			defaultConfigurationName = Release;
		};
		7F62BF37268EEDA900115596 /* Build configuration list for PBXNativeTarget "Africa" */ = {
			isa = XCConfigurationList;
			buildConfigurations = (
				7F62BF38268EEDA900115596 /* Debug */,
				7F62BF39268EEDA900115596 /* Release */,
			);
			defaultConfigurationIsVisible = 0;
			defaultConfigurationName = Release;
		};
/* End XCConfigurationList section */
	};
	rootObject = 7F62BF1B268EEDA700115596 /* Project object */;
}
